{
  "name": "@small-tech/https",
  "version": "1.2.0",
  "lockfileVersion": 1,
  "requires": true,
  "dependencies": {
    "@panva/asn1.js": {
      "version": "1.0.0",
      "resolved": "https://registry.npmjs.org/@panva/asn1.js/-/asn1.js-1.0.0.tgz",
      "integrity": "sha512-UdkG3mLEqXgnlKsWanWcgb6dOjUzJ+XC5f+aWw30qrtjxeNUSfKX1cd5FBzOaXQumoe9nIqeZUvrRJS03HCCtw=="
    },
    "@small-tech/auto-encrypt": {
      "version": "1.0.0",
      "resolved": "https://registry.npmjs.org/@small-tech/auto-encrypt/-/auto-encrypt-1.0.0.tgz",
      "integrity": "sha512-qG9VFtoRnHe5ldcx8iIpJDNwo3ADpx7lPAf6ffItPp6pB+RXz1O2FN3K/1HXX9BNxeXcX4EvTthpSwBLjWMttQ==",
      "requires": {
        "bent": "github:aral/bent#errors-with-response-headers",
        "fs-extra": "^8.1.0",
        "jose": "^1.24.0",
        "moment": "^2.24.0",
        "node-forge": "^0.9.1",
        "ocsp": "^1.2.0",
        "server-destroy": "^1.0.1"
      }
    },
    "@small-tech/auto-encrypt-localhost": {
      "version": "5.0.2",
      "resolved": "https://registry.npmjs.org/@small-tech/auto-encrypt-localhost/-/auto-encrypt-localhost-5.0.2.tgz",
      "integrity": "sha512-l7tRMaWiDYyixoJY02VweCV4oecDrl1+stu1Ya9yv6jqu5z0TBIWmGbPSBkJGL3wsZXz7e/iklac9RdmXMqqYQ==",
      "requires": {
        "fs-extra": "^8.1.0",
        "syswide-cas": "^5.3.0"
      }
    },
    "asn1.js": {
      "version": "4.10.1",
      "resolved": "https://registry.npmjs.org/asn1.js/-/asn1.js-4.10.1.tgz",
      "integrity": "sha512-p32cOF5q0Zqs9uBiONKYLm6BClCoBCM5O9JfeUSlnQLBTxYdTK+pW+nXflm8UkKd2UYlEbYz5qEi0JuZR9ckSw==",
      "requires": {
        "bn.js": "^4.0.0",
        "inherits": "^2.0.1",
        "minimalistic-assert": "^1.0.0"
      }
    },
    "asn1.js-rfc2560": {
      "version": "4.0.6",
      "resolved": "https://registry.npmjs.org/asn1.js-rfc2560/-/asn1.js-rfc2560-4.0.6.tgz",
      "integrity": "sha512-ysf48ni+f/efNPilq4+ApbifUPcSW/xbDeQAh055I+grr2gXgNRQqHew7kkO70WSMQ2tEOURVwsK+dJqUNjIIg==",
      "requires": {
        "asn1.js-rfc5280": "^2.0.0"
      }
    },
    "asn1.js-rfc5280": {
      "version": "2.0.1",
      "resolved": "https://registry.npmjs.org/asn1.js-rfc5280/-/asn1.js-rfc5280-2.0.1.tgz",
      "integrity": "sha512-1e2ypnvTbYD/GdxWK77tdLBahvo1fZUHlQJqAVUuZWdYj0rdjGcf2CWYUtbsyRYpYUMwMWLZFUtLxog8ZXTrcg==",
      "requires": {
        "asn1.js": "^4.5.0"
      }
    },
    "async": {
      "version": "1.5.2",
      "resolved": "https://registry.npmjs.org/async/-/async-1.5.2.tgz",
      "integrity": "sha1-7GphrlZIDAw8skHJVhjiCJL5Zyo="
    },
    "bent": {
      "version": "github:aral/bent#16a959683c6916204c28a1c870cb7b399c9215a9",
      "from": "github:aral/bent#errors-with-response-headers",
      "requires": {
        "bytesish": "^0.4.1",
        "caseless": "~0.12.0",
        "is-stream": "^2.0.0"
      }
    },
    "bn.js": {
      "version": "4.11.8",
      "resolved": "https://registry.npmjs.org/bn.js/-/bn.js-4.11.8.tgz",
      "integrity": "sha512-ItfYfPLkWHUjckQCk8xC+LwxgK8NYcXywGigJgSwOP8Y2iyWT4f2vsZnoOXTTbo+o5yXmIUJ4gn5538SO5S3gA=="
    },
    "bytesish": {
      "version": "0.4.1",
      "resolved": "https://registry.npmjs.org/bytesish/-/bytesish-0.4.1.tgz",
      "integrity": "sha512-j3l5QmnAbpOfcN/Z2Jcv4poQYfefs8rDdcbc6iEKm+OolvUXAE2APodpWj+DOzqX6Bl5Ys1cQkcIV2/doGvQxg=="
    },
    "caseless": {
      "version": "0.12.0",
      "resolved": "https://registry.npmjs.org/caseless/-/caseless-0.12.0.tgz",
      "integrity": "sha1-G2gcIf+EAzyCZUMJBolCDRhxUdw="
    },
    "fs-extra": {
      "version": "8.1.0",
      "resolved": "https://registry.npmjs.org/fs-extra/-/fs-extra-8.1.0.tgz",
      "integrity": "sha512-yhlQgA6mnOJUKOsRUFsgJdQCvkKhcz8tlZG5HBQfReYZy46OwLcY+Zia0mtdHsOo9y/hP+CxMN0TU9QxoOtG4g==",
      "requires": {
        "graceful-fs": "^4.2.0",
        "jsonfile": "^4.0.0",
        "universalify": "^0.1.0"
      }
    },
    "graceful-fs": {
      "version": "4.2.3",
      "resolved": "https://registry.npmjs.org/graceful-fs/-/graceful-fs-4.2.3.tgz",
      "integrity": "sha512-a30VEBm4PEdx1dRB7MFK7BejejvCvBronbLjht+sHuGYj8PHs7M/5Z+rt5lw551vZ7yfTCj4Vuyy3mSJytDWRQ=="
    },
    "inherits": {
      "version": "2.0.4",
      "resolved": "https://registry.npmjs.org/inherits/-/inherits-2.0.4.tgz",
      "integrity": "sha512-k/vGaX4/Yla3WzyMCvTQOXYeIHvqOKtnqBduzTHpzpQZzAskKMhZ2K+EnBiSM9zGSoIFeMpXKxa4dYeZIQqewQ=="
    },
    "is-stream": {
      "version": "2.0.0",
      "resolved": "https://registry.npmjs.org/is-stream/-/is-stream-2.0.0.tgz",
      "integrity": "sha512-XCoy+WlUr7d1+Z8GgSuXmpuUFC9fOhRXglJMx+dwLKTkL44Cjd4W1Z5P+BQZpr+cR93aGP4S/s7Ftw6Nd/kiEw=="
    },
    "jose": {
      "version": "1.25.2",
      "resolved": "https://registry.npmjs.org/jose/-/jose-1.25.2.tgz",
      "integrity": "sha512-Gr4oTibx/UHP7JfjCMjNDlakdio6xJiTeeOFr3E7UYcEj8UrAvEhr9CECdID5g31M9tZyKfLzVKZW8Qu5UNIFw==",
      "requires": {
        "@panva/asn1.js": "^1.0.0"
      }
    },
    "jsonfile": {
      "version": "4.0.0",
      "resolved": "https://registry.npmjs.org/jsonfile/-/jsonfile-4.0.0.tgz",
      "integrity": "sha1-h3Gq4HmbZAdrdmQPygWPnBDjPss=",
      "requires": {
        "graceful-fs": "^4.1.6"
      }
    },
    "minimalistic-assert": {
      "version": "1.0.1",
      "resolved": "https://registry.npmjs.org/minimalistic-assert/-/minimalistic-assert-1.0.1.tgz",
      "integrity": "sha512-UtJcAD4yEaGtjPezWuO9wC4nwUnVH/8/Im3yEHQP4b67cXlD/Qr9hdITCU1xDbSEXg2XKNaP8jsReV7vQd00/A=="
    },
    "moment": {
      "version": "2.24.0",
      "resolved": "https://registry.npmjs.org/moment/-/moment-2.24.0.tgz",
      "integrity": "sha512-bV7f+6l2QigeBBZSM/6yTNq4P2fNpSWj/0e7jQcy87A8e7o2nAfP/34/2ky5Vw4B9S446EtIhodAzkFCcR4dQg=="
    },
    "node-forge": {
      "version": "0.9.1",
      "resolved": "https://registry.npmjs.org/node-forge/-/node-forge-0.9.1.tgz",
      "integrity": "sha512-G6RlQt5Sb4GMBzXvhfkeFmbqR6MzhtnT7VTHuLadjkii3rdYHNdw0m8zA4BTxVIh68FicCQ2NSUANpsqkr9jvQ=="
    },
    "ocsp": {
      "version": "1.2.0",
      "resolved": "https://registry.npmjs.org/ocsp/-/ocsp-1.2.0.tgz",
      "integrity": "sha1-RpoXdrRX3uZ+sCAUCMGUa6xAdsw=",
      "requires": {
        "asn1.js": "^4.8.0",
        "asn1.js-rfc2560": "^4.0.0",
        "asn1.js-rfc5280": "^2.0.0",
        "async": "^1.5.2",
        "simple-lru-cache": "0.0.2"
      }
    },
    "server-destroy": {
      "version": "1.0.1",
      "resolved": "https://registry.npmjs.org/server-destroy/-/server-destroy-1.0.1.tgz",
      "integrity": "sha1-8Tv5KOQrnD55OD5hzDmYtdFObN0="
    },
    "simple-lru-cache": {
      "version": "0.0.2",
      "resolved": "https://registry.npmjs.org/simple-lru-cache/-/simple-lru-cache-0.0.2.tgz",
      "integrity": "sha1-1ZzDoZPBpdAyD4Tucy9uRxPlEd0="
    },
    "syswide-cas": {
      "version": "5.3.0",
      "resolved": "https://registry.npmjs.org/syswide-cas/-/syswide-cas-5.3.0.tgz",
      "integrity": "sha512-+RLgS6VInsX8rBpL+gy5qpa7phngecbK7NABelBZpqYpBTwOIK1y7CqHlXK5Vy/rA4erD9q/FyKzMjx2uX3zYg=="
    },
    "universalify": {
      "version": "0.1.2",
      "resolved": "https://registry.npmjs.org/universalify/-/universalify-0.1.2.tgz",
      "integrity": "sha512-rBJeI5CXAlmy1pV+617WB9J63U6XcazHHF2f2dbJix4XzpUF0RS3Zbj0FGIOCAva5P/d/GBOYaACQ1w+0azUkg=="
    }
  }
}
